
Microsoft Visual Studio Solution File, Format Version 12.00
# Visual Studio Version 17
VisualStudioVersion = 17.14.36109.1 d17.14
MinimumVisualStudioVersion = 10.0.40219.1
Project("{FAE04EC0-301F-11D3-BF4B-00C04F79EFBC}") = "stock", "stock.csproj", "{1EDDE155-DBD3-4019-AE7F-59CA6C058EAA}"
EndProject
Global
	GlobalSection(SolutionConfigurationPlatforms) = preSolution
		Debug|Any CPU = Debug|Any CPU
		Release|Any CPU = Release|Any CPU
	EndGlobalSection
	GlobalSection(ProjectConfigurationPlatforms) = postSolution
		{1EDDE155-DBD3-4019-AE7F-59CA6C058EAA}.Debug|Any CPU.ActiveCfg = Debug|Any CPU
		{1EDDE155-DBD3-4019-AE7F-59CA6C058EAA}.Debug|Any CPU.Build.0 = Debug|Any CPU
		{1EDDE155-DBD3-4019-AE7F-59CA6C058EAA}.Release|Any CPU.ActiveCfg = Release|Any CPU
		{1EDDE155-DBD3-4019-AE7F-59CA6C058EAA}.Release|Any CPU.Build.0 = Release|Any CPU
	EndGlobalSection
	GlobalSection(SolutionProperties) = preSolution
		HideSolutionNode = FALSE
	EndGlobalSection
	GlobalSection(ExtensibilityGlobals) = postSolution
		SolutionGuid = {D10ECF84-E31A-4324-866B-F99CE98CA9DD}
	EndGlobalSection
EndGlobal
